
Microsoft Visual Studio Solution File, Format Version 12.00
# Visual Studio 15
VisualStudioVersion = 15.0.27130.2027
MinimumVisualStudioVersion = 10.0.40219.1
Project("{FAE04EC0-301F-11D3-BF4B-00C04F79EFBC}") = "FileManagerWPF", "FileManagerWPF\FileManagerWPF.csproj", "{B436FC78-AA74-4A63-8232-A123589EA226}"
EndProject
Global
	GlobalSection(SolutionConfigurationPlatforms) = preSolution
		Debug|Any CPU = Debug|Any CPU
		Release|Any CPU = Release|Any CPU
	EndGlobalSection
	GlobalSection(ProjectConfigurationPlatforms) = postSolution
		{B436FC78-AA74-4A63-8232-A123589EA226}.Debug|Any CPU.ActiveCfg = Debug|Any CPU
		{B436FC78-AA74-4A63-8232-A123589EA226}.Debug|Any CPU.Build.0 = Debug|Any CPU
		{B436FC78-AA74-4A63-8232-A123589EA226}.Release|Any CPU.ActiveCfg = Release|Any CPU
		{B436FC78-AA74-4A63-8232-A123589EA226}.Release|Any CPU.Build.0 = Release|Any CPU
	EndGlobalSection
	GlobalSection(SolutionProperties) = preSolution
		HideSolutionNode = FALSE
	EndGlobalSection
	GlobalSection(ExtensibilityGlobals) = postSolution
		SolutionGuid = {2AB10668-4BBE-4EB4-ADD8-E1BD1C32D9C9}
	EndGlobalSection
EndGlobal
